
Microsoft Visual Studio Solution File, Format Version 12.00
# Visual Studio 14
VisualStudioVersion = 14.0.25420.1
MinimumVisualStudioVersion = 10.0.40219.1
Project("{FAE04EC0-301F-11D3-BF4B-00C04F79EFBC}") = "Finale.UI", "Finale.UI\Finale.UI.csproj", "{6DE7C7B0-FFF9-4044-AAEB-FA27C20000E4}"
EndProject
Project("{FAE04EC0-301F-11D3-BF4B-00C04F79EFBC}") = "Finale.DAL", "Finale.DAL\Finale.DAL.csproj", "{27A215F6-588C-4C0E-A19F-C84CAD2F6B4D}"
EndProject
Global
	GlobalSection(SolutionConfigurationPlatforms) = preSolution
		Debug|Any CPU = Debug|Any CPU
		Release|Any CPU = Release|Any CPU
	EndGlobalSection
	GlobalSection(ProjectConfigurationPlatforms) = postSolution
		{6DE7C7B0-FFF9-4044-AAEB-FA27C20000E4}.Debug|Any CPU.ActiveCfg = Debug|Any CPU
		{6DE7C7B0-FFF9-4044-AAEB-FA27C20000E4}.Debug|Any CPU.Build.0 = Debug|Any CPU
		{6DE7C7B0-FFF9-4044-AAEB-FA27C20000E4}.Release|Any CPU.ActiveCfg = Release|Any CPU
		{6DE7C7B0-FFF9-4044-AAEB-FA27C20000E4}.Release|Any CPU.Build.0 = Release|Any CPU
		{27A215F6-588C-4C0E-A19F-C84CAD2F6B4D}.Debug|Any CPU.ActiveCfg = Debug|Any CPU
		{27A215F6-588C-4C0E-A19F-C84CAD2F6B4D}.Debug|Any CPU.Build.0 = Debug|Any CPU
		{27A215F6-588C-4C0E-A19F-C84CAD2F6B4D}.Release|Any CPU.ActiveCfg = Release|Any CPU
		{27A215F6-588C-4C0E-A19F-C84CAD2F6B4D}.Release|Any CPU.Build.0 = Release|Any CPU
	EndGlobalSection
	GlobalSection(SolutionProperties) = preSolution
		HideSolutionNode = FALSE
	EndGlobalSection
EndGlobal
